
Microsoft Visual Studio Solution File, Format Version 12.00
# Visual Studio Version 17
VisualStudioVersion = 17.0.31903.59
MinimumVisualStudioVersion = 10.0.40219.1
Project("{2150E333-8FDC-42A3-9474-1A3956D46DE8}") = "WeatherBotApi.WeatherApp", "WeatherBotApi.WeatherApp", "{143C729F-74BA-4B93-B9D7-87AFD9897919}"
EndProject
Project("{2150E333-8FDC-42A3-9474-1A3956D46DE8}") = "Core", "Core", "{04A64D44-B072-4D2A-AC2E-E0653EC5DCA4}"
EndProject
Project("{FAE04EC0-301F-11D3-BF4B-00C04F79EFBC}") = "WeatherApp.Application", "WeatherBotApi.WeatherApp\Core\WeatherApp.Application\WeatherApp.Application.csproj", "{5AF2EE4B-181F-49EE-8664-100A5D3E6E45}"
EndProject
Project("{FAE04EC0-301F-11D3-BF4B-00C04F79EFBC}") = "WeatherApp.Domain", "WeatherBotApi.WeatherApp\Core\WeatherApp.Domain\WeatherApp.Domain.csproj", "{B97B3A4D-B29B-49F8-96E1-D02BFB6FEF25}"
EndProject
Project("{2150E333-8FDC-42A3-9474-1A3956D46DE8}") = "Presentation", "Presentation", "{530FDE3D-A765-421B-AC23-AF5DCAFD5007}"
EndProject
Project("{FAE04EC0-301F-11D3-BF4B-00C04F79EFBC}") = "WeatherApp.WebApi", "WeatherBotApi.WeatherApp\Presentation\WeatherApp.WebApi\WeatherApp.WebApi.csproj", "{4A0E8AB2-E5D0-4144-B97B-BCA0E78B1CD4}"
EndProject
Project("{2150E333-8FDC-42A3-9474-1A3956D46DE8}") = "Infrastructure", "Infrastructure", "{4FC5365A-ACE4-4C9D-AA15-3C6289035694}"
EndProject
Project("{FAE04EC0-301F-11D3-BF4B-00C04F79EFBC}") = "WeatherApp.Converters", "WeatherBotApi.WeatherApp\Infrastructure\WeatherApp.Converters\WeatherApp.Converters.csproj", "{554D3056-100F-48C8-A2B9-823E5C40A0E4}"
EndProject
Project("{2150E333-8FDC-42A3-9474-1A3956D46DE8}") = "Tests", "Tests", "{C4989028-8048-4063-BE31-B32B1779E439}"
EndProject
Project("{FAE04EC0-301F-11D3-BF4B-00C04F79EFBC}") = "WeatherApp.Tests", "WeatherBotApi.WeatherApp\Tests\WeatherApp.Tests\WeatherApp.Tests.csproj", "{23C0B88D-22F3-429A-8041-4C257665015F}"
EndProject
Project("{2150E333-8FDC-42A3-9474-1A3956D46DE8}") = "WeatherBotApi.TelegramBotApp", "WeatherBotApi.TelegramBotApp", "{01A85AC6-EE9B-43CE-8190-704FF9FE3C93}"
EndProject
Project("{2150E333-8FDC-42A3-9474-1A3956D46DE8}") = "Presentation", "Presentation", "{38626967-D1CF-4D7E-8BB8-F0ECCEC096D4}"
EndProject
Project("{FAE04EC0-301F-11D3-BF4B-00C04F79EFBC}") = "TelegramBotApp.Api", "WeatherBotApi.TelegramBotApp\Presentation\TelegramBotApp.Api\TelegramBotApp.Api.csproj", "{C8FEDCC6-3FD8-451B-A510-7BBC65003501}"
EndProject
Project("{2150E333-8FDC-42A3-9474-1A3956D46DE8}") = "Core", "Core", "{84518F33-05CC-4C3E-A423-2089038FBB69}"
EndProject
Project("{2150E333-8FDC-42A3-9474-1A3956D46DE8}") = "Infrastructure", "Infrastructure", "{100440C4-7D6C-4723-907B-B3951D65859E}"
EndProject
Project("{FAE04EC0-301F-11D3-BF4B-00C04F79EFBC}") = "TelegramBotApp.Messaging", "WeatherBotApi.TelegramBotApp\Infrastructure\TelegramBotApp.Messaging\TelegramBotApp.Messaging.csproj", "{B6FC47BB-2AA5-44C9-BB08-2FB81EEEDF37}"
EndProject
Project("{FAE04EC0-301F-11D3-BF4B-00C04F79EFBC}") = "TelegramBotApp.Domain", "WeatherBotApi.TelegramBotApp\Core\TelegramBotApp.Domain\TelegramBotApp.Domain.csproj", "{4B8FE0E4-D1E3-40D0-90A3-3C4C25222DA3}"
EndProject
Project("{FAE04EC0-301F-11D3-BF4B-00C04F79EFBC}") = "WeatherApp.IntegrationEvents", "WeatherBotApi.WeatherApp\Infrastructure\WeatherApp.IntegrationEvents\WeatherApp.IntegrationEvents.csproj", "{A57C0337-6DB0-4338-9ED8-386E0914F270}"
EndProject
Project("{FAE04EC0-301F-11D3-BF4B-00C04F79EFBC}") = "TelegramBotApp.Application", "WeatherBotApi.TelegramBotApp\Core\TelegramBotApp.Application\TelegramBotApp.Application.csproj", "{D1A64E09-7638-4972-A85C-8FD1683A0E37}"
EndProject
Project("{2150E333-8FDC-42A3-9474-1A3956D46DE8}") = "WeatherBotApi.DatabaseApp", "WeatherBotApi.DatabaseApp", "{07A2B9AE-A81F-482F-8016-C87CE6F0E9ED}"
EndProject
Project("{2150E333-8FDC-42A3-9474-1A3956D46DE8}") = "Core", "Core", "{7829DEFE-ED08-465B-AF25-3DAC166045C3}"
EndProject
Project("{FAE04EC0-301F-11D3-BF4B-00C04F79EFBC}") = "DatabaseApp.Domain", "WeatherBotApi.DatabaseApp\Core\DatabaseApp.Domain\DatabaseApp.Domain.csproj", "{BC3B4F1F-B796-4A0D-8773-E7BC592DA4B5}"
EndProject
Project("{FAE04EC0-301F-11D3-BF4B-00C04F79EFBC}") = "DatabaseApp.Application", "WeatherBotApi.DatabaseApp\Core\DatabaseApp.Application\DatabaseApp.Application.csproj", "{5CCFA465-C126-436F-8784-FD26D03EDEDF}"
EndProject
Project("{2150E333-8FDC-42A3-9474-1A3956D46DE8}") = "Infrastructure", "Infrastructure", "{CC960349-7D77-4842-BBA9-6979F81C506B}"
EndProject
Project("{FAE04EC0-301F-11D3-BF4B-00C04F79EFBC}") = "DatabaseApp.Persistence", "WeatherBotApi.DatabaseApp\Infrastructure\DatabaseApp.Persistence\DatabaseApp.Persistence.csproj", "{C0DED595-2182-47E2-817B-0DEFFFEBC633}"
EndProject
Project("{2150E333-8FDC-42A3-9474-1A3956D46DE8}") = "Presentation", "Presentation", "{F2AB2CBF-FE29-4212-A653-39F357DD645F}"
EndProject
Project("{2150E333-8FDC-42A3-9474-1A3956D46DE8}") = "Tests", "Tests", "{39498A5C-79F0-4F5C-B1B6-7F90648BF340}"
EndProject
Project("{FAE04EC0-301F-11D3-BF4B-00C04F79EFBC}") = "DatabaseApp.Tests", "WeatherBotApi.DatabaseApp\Tests\DatabaseApp.Tests\DatabaseApp.Tests.csproj", "{682D1A99-FDDF-4568-BE8D-124B5D60409E}"
EndProject
Project("{FAE04EC0-301F-11D3-BF4B-00C04F79EFBC}") = "DatabaseApp.WebApi", "WeatherBotApi.DatabaseApp\Presentation\DatabaseApp.WebApi\DatabaseApp.WebApi.csproj", "{7B4A907F-F6BD-41B1-B9D4-8BC6925CEE9D}"
EndProject
Project("{FAE04EC0-301F-11D3-BF4B-00C04F79EFBC}") = "DatabaseApp.IntegrationEvents", "WeatherBotApi.DatabaseApp\Infrastructure\DatabaseApp.IntegrationEvents\DatabaseApp.IntegrationEvents.csproj", "{C85E42A3-9611-4056-A936-477445439784}"
EndProject
Project("{FAE04EC0-301F-11D3-BF4B-00C04F79EFBC}") = "TelegramBotApp.Caching", "WeatherBotApi.TelegramBotApp\Infrastructure\TelegramBotApp.Caching\TelegramBotApp.Caching.csproj", "{F1D43D42-2000-4A0E-AAEB-A5EE40B85B75}"
EndProject
Global
	GlobalSection(SolutionConfigurationPlatforms) = preSolution
		Debug|Any CPU = Debug|Any CPU
		Release|Any CPU = Release|Any CPU
	EndGlobalSection
	GlobalSection(SolutionProperties) = preSolution
		HideSolutionNode = FALSE
	EndGlobalSection
	GlobalSection(ProjectConfigurationPlatforms) = postSolution
		{5AF2EE4B-181F-49EE-8664-100A5D3E6E45}.Debug|Any CPU.ActiveCfg = Debug|Any CPU
		{5AF2EE4B-181F-49EE-8664-100A5D3E6E45}.Debug|Any CPU.Build.0 = Debug|Any CPU
		{5AF2EE4B-181F-49EE-8664-100A5D3E6E45}.Release|Any CPU.ActiveCfg = Release|Any CPU
		{5AF2EE4B-181F-49EE-8664-100A5D3E6E45}.Release|Any CPU.Build.0 = Release|Any CPU
		{B97B3A4D-B29B-49F8-96E1-D02BFB6FEF25}.Debug|Any CPU.ActiveCfg = Debug|Any CPU
		{B97B3A4D-B29B-49F8-96E1-D02BFB6FEF25}.Debug|Any CPU.Build.0 = Debug|Any CPU
		{B97B3A4D-B29B-49F8-96E1-D02BFB6FEF25}.Release|Any CPU.ActiveCfg = Release|Any CPU
		{B97B3A4D-B29B-49F8-96E1-D02BFB6FEF25}.Release|Any CPU.Build.0 = Release|Any CPU
		{4A0E8AB2-E5D0-4144-B97B-BCA0E78B1CD4}.Debug|Any CPU.ActiveCfg = Debug|Any CPU
		{4A0E8AB2-E5D0-4144-B97B-BCA0E78B1CD4}.Debug|Any CPU.Build.0 = Debug|Any CPU
		{4A0E8AB2-E5D0-4144-B97B-BCA0E78B1CD4}.Release|Any CPU.ActiveCfg = Release|Any CPU
		{4A0E8AB2-E5D0-4144-B97B-BCA0E78B1CD4}.Release|Any CPU.Build.0 = Release|Any CPU
		{554D3056-100F-48C8-A2B9-823E5C40A0E4}.Debug|Any CPU.ActiveCfg = Debug|Any CPU
		{554D3056-100F-48C8-A2B9-823E5C40A0E4}.Debug|Any CPU.Build.0 = Debug|Any CPU
		{554D3056-100F-48C8-A2B9-823E5C40A0E4}.Release|Any CPU.ActiveCfg = Release|Any CPU
		{554D3056-100F-48C8-A2B9-823E5C40A0E4}.Release|Any CPU.Build.0 = Release|Any CPU
		{23C0B88D-22F3-429A-8041-4C257665015F}.Debug|Any CPU.ActiveCfg = Debug|Any CPU
		{23C0B88D-22F3-429A-8041-4C257665015F}.Debug|Any CPU.Build.0 = Debug|Any CPU
		{23C0B88D-22F3-429A-8041-4C257665015F}.Release|Any CPU.ActiveCfg = Release|Any CPU
		{23C0B88D-22F3-429A-8041-4C257665015F}.Release|Any CPU.Build.0 = Release|Any CPU
		{C8FEDCC6-3FD8-451B-A510-7BBC65003501}.Debug|Any CPU.ActiveCfg = Debug|Any CPU
		{C8FEDCC6-3FD8-451B-A510-7BBC65003501}.Debug|Any CPU.Build.0 = Debug|Any CPU
		{C8FEDCC6-3FD8-451B-A510-7BBC65003501}.Release|Any CPU.ActiveCfg = Release|Any CPU
		{C8FEDCC6-3FD8-451B-A510-7BBC65003501}.Release|Any CPU.Build.0 = Release|Any CPU
		{B6FC47BB-2AA5-44C9-BB08-2FB81EEEDF37}.Debug|Any CPU.ActiveCfg = Debug|Any CPU
		{B6FC47BB-2AA5-44C9-BB08-2FB81EEEDF37}.Debug|Any CPU.Build.0 = Debug|Any CPU
		{B6FC47BB-2AA5-44C9-BB08-2FB81EEEDF37}.Release|Any CPU.ActiveCfg = Release|Any CPU
		{B6FC47BB-2AA5-44C9-BB08-2FB81EEEDF37}.Release|Any CPU.Build.0 = Release|Any CPU
		{4B8FE0E4-D1E3-40D0-90A3-3C4C25222DA3}.Debug|Any CPU.ActiveCfg = Debug|Any CPU
		{4B8FE0E4-D1E3-40D0-90A3-3C4C25222DA3}.Debug|Any CPU.Build.0 = Debug|Any CPU
		{4B8FE0E4-D1E3-40D0-90A3-3C4C25222DA3}.Release|Any CPU.ActiveCfg = Release|Any CPU
		{4B8FE0E4-D1E3-40D0-90A3-3C4C25222DA3}.Release|Any CPU.Build.0 = Release|Any CPU
		{A57C0337-6DB0-4338-9ED8-386E0914F270}.Debug|Any CPU.ActiveCfg = Debug|Any CPU
		{A57C0337-6DB0-4338-9ED8-386E0914F270}.Debug|Any CPU.Build.0 = Debug|Any CPU
		{A57C0337-6DB0-4338-9ED8-386E0914F270}.Release|Any CPU.ActiveCfg = Release|Any CPU
		{A57C0337-6DB0-4338-9ED8-386E0914F270}.Release|Any CPU.Build.0 = Release|Any CPU
		{D1A64E09-7638-4972-A85C-8FD1683A0E37}.Debug|Any CPU.ActiveCfg = Debug|Any CPU
		{D1A64E09-7638-4972-A85C-8FD1683A0E37}.Debug|Any CPU.Build.0 = Debug|Any CPU
		{D1A64E09-7638-4972-A85C-8FD1683A0E37}.Release|Any CPU.ActiveCfg = Release|Any CPU
		{D1A64E09-7638-4972-A85C-8FD1683A0E37}.Release|Any CPU.Build.0 = Release|Any CPU
		{BC3B4F1F-B796-4A0D-8773-E7BC592DA4B5}.Debug|Any CPU.ActiveCfg = Debug|Any CPU
		{BC3B4F1F-B796-4A0D-8773-E7BC592DA4B5}.Debug|Any CPU.Build.0 = Debug|Any CPU
		{BC3B4F1F-B796-4A0D-8773-E7BC592DA4B5}.Release|Any CPU.ActiveCfg = Release|Any CPU
		{BC3B4F1F-B796-4A0D-8773-E7BC592DA4B5}.Release|Any CPU.Build.0 = Release|Any CPU
		{5CCFA465-C126-436F-8784-FD26D03EDEDF}.Debug|Any CPU.ActiveCfg = Debug|Any CPU
		{5CCFA465-C126-436F-8784-FD26D03EDEDF}.Debug|Any CPU.Build.0 = Debug|Any CPU
		{5CCFA465-C126-436F-8784-FD26D03EDEDF}.Release|Any CPU.ActiveCfg = Release|Any CPU
		{5CCFA465-C126-436F-8784-FD26D03EDEDF}.Release|Any CPU.Build.0 = Release|Any CPU
		{C0DED595-2182-47E2-817B-0DEFFFEBC633}.Debug|Any CPU.ActiveCfg = Debug|Any CPU
		{C0DED595-2182-47E2-817B-0DEFFFEBC633}.Debug|Any CPU.Build.0 = Debug|Any CPU
		{C0DED595-2182-47E2-817B-0DEFFFEBC633}.Release|Any CPU.ActiveCfg = Release|Any CPU
		{C0DED595-2182-47E2-817B-0DEFFFEBC633}.Release|Any CPU.Build.0 = Release|Any CPU
		{682D1A99-FDDF-4568-BE8D-124B5D60409E}.Debug|Any CPU.ActiveCfg = Debug|Any CPU
		{682D1A99-FDDF-4568-BE8D-124B5D60409E}.Debug|Any CPU.Build.0 = Debug|Any CPU
		{682D1A99-FDDF-4568-BE8D-124B5D60409E}.Release|Any CPU.ActiveCfg = Release|Any CPU
		{682D1A99-FDDF-4568-BE8D-124B5D60409E}.Release|Any CPU.Build.0 = Release|Any CPU
		{7B4A907F-F6BD-41B1-B9D4-8BC6925CEE9D}.Debug|Any CPU.ActiveCfg = Debug|Any CPU
		{7B4A907F-F6BD-41B1-B9D4-8BC6925CEE9D}.Debug|Any CPU.Build.0 = Debug|Any CPU
		{7B4A907F-F6BD-41B1-B9D4-8BC6925CEE9D}.Release|Any CPU.ActiveCfg = Release|Any CPU
		{7B4A907F-F6BD-41B1-B9D4-8BC6925CEE9D}.Release|Any CPU.Build.0 = Release|Any CPU
		{C85E42A3-9611-4056-A936-477445439784}.Debug|Any CPU.ActiveCfg = Debug|Any CPU
		{C85E42A3-9611-4056-A936-477445439784}.Debug|Any CPU.Build.0 = Debug|Any CPU
		{C85E42A3-9611-4056-A936-477445439784}.Release|Any CPU.ActiveCfg = Release|Any CPU
		{C85E42A3-9611-4056-A936-477445439784}.Release|Any CPU.Build.0 = Release|Any CPU
		{F1D43D42-2000-4A0E-AAEB-A5EE40B85B75}.Debug|Any CPU.ActiveCfg = Debug|Any CPU
		{F1D43D42-2000-4A0E-AAEB-A5EE40B85B75}.Debug|Any CPU.Build.0 = Debug|Any CPU
		{F1D43D42-2000-4A0E-AAEB-A5EE40B85B75}.Release|Any CPU.ActiveCfg = Release|Any CPU
		{F1D43D42-2000-4A0E-AAEB-A5EE40B85B75}.Release|Any CPU.Build.0 = Release|Any CPU
	EndGlobalSection
	GlobalSection(NestedProjects) = preSolution
		{04A64D44-B072-4D2A-AC2E-E0653EC5DCA4} = {143C729F-74BA-4B93-B9D7-87AFD9897919}
		{5AF2EE4B-181F-49EE-8664-100A5D3E6E45} = {04A64D44-B072-4D2A-AC2E-E0653EC5DCA4}
		{B97B3A4D-B29B-49F8-96E1-D02BFB6FEF25} = {04A64D44-B072-4D2A-AC2E-E0653EC5DCA4}
		{530FDE3D-A765-421B-AC23-AF5DCAFD5007} = {143C729F-74BA-4B93-B9D7-87AFD9897919}
		{4A0E8AB2-E5D0-4144-B97B-BCA0E78B1CD4} = {530FDE3D-A765-421B-AC23-AF5DCAFD5007}
		{4FC5365A-ACE4-4C9D-AA15-3C6289035694} = {143C729F-74BA-4B93-B9D7-87AFD9897919}
		{554D3056-100F-48C8-A2B9-823E5C40A0E4} = {4FC5365A-ACE4-4C9D-AA15-3C6289035694}
		{C4989028-8048-4063-BE31-B32B1779E439} = {143C729F-74BA-4B93-B9D7-87AFD9897919}
		{23C0B88D-22F3-429A-8041-4C257665015F} = {C4989028-8048-4063-BE31-B32B1779E439}
		{38626967-D1CF-4D7E-8BB8-F0ECCEC096D4} = {01A85AC6-EE9B-43CE-8190-704FF9FE3C93}
		{C8FEDCC6-3FD8-451B-A510-7BBC65003501} = {38626967-D1CF-4D7E-8BB8-F0ECCEC096D4}
		{84518F33-05CC-4C3E-A423-2089038FBB69} = {01A85AC6-EE9B-43CE-8190-704FF9FE3C93}
		{100440C4-7D6C-4723-907B-B3951D65859E} = {01A85AC6-EE9B-43CE-8190-704FF9FE3C93}
		{B6FC47BB-2AA5-44C9-BB08-2FB81EEEDF37} = {100440C4-7D6C-4723-907B-B3951D65859E}
		{4B8FE0E4-D1E3-40D0-90A3-3C4C25222DA3} = {84518F33-05CC-4C3E-A423-2089038FBB69}
		{A57C0337-6DB0-4338-9ED8-386E0914F270} = {4FC5365A-ACE4-4C9D-AA15-3C6289035694}
		{D1A64E09-7638-4972-A85C-8FD1683A0E37} = {84518F33-05CC-4C3E-A423-2089038FBB69}
		{7829DEFE-ED08-465B-AF25-3DAC166045C3} = {07A2B9AE-A81F-482F-8016-C87CE6F0E9ED}
		{BC3B4F1F-B796-4A0D-8773-E7BC592DA4B5} = {7829DEFE-ED08-465B-AF25-3DAC166045C3}
		{5CCFA465-C126-436F-8784-FD26D03EDEDF} = {7829DEFE-ED08-465B-AF25-3DAC166045C3}
		{CC960349-7D77-4842-BBA9-6979F81C506B} = {07A2B9AE-A81F-482F-8016-C87CE6F0E9ED}
		{C0DED595-2182-47E2-817B-0DEFFFEBC633} = {CC960349-7D77-4842-BBA9-6979F81C506B}
		{F2AB2CBF-FE29-4212-A653-39F357DD645F} = {07A2B9AE-A81F-482F-8016-C87CE6F0E9ED}
		{39498A5C-79F0-4F5C-B1B6-7F90648BF340} = {07A2B9AE-A81F-482F-8016-C87CE6F0E9ED}
		{682D1A99-FDDF-4568-BE8D-124B5D60409E} = {39498A5C-79F0-4F5C-B1B6-7F90648BF340}
		{7B4A907F-F6BD-41B1-B9D4-8BC6925CEE9D} = {F2AB2CBF-FE29-4212-A653-39F357DD645F}
		{C85E42A3-9611-4056-A936-477445439784} = {CC960349-7D77-4842-BBA9-6979F81C506B}
		{F1D43D42-2000-4A0E-AAEB-A5EE40B85B75} = {100440C4-7D6C-4723-907B-B3951D65859E}
	EndGlobalSection
EndGlobal
